# This file is automatically @generated by Poetry 2.2.0 and should not be changed by hand.

[[package]]
name = "aiofiles"
version = "25.1.0"
description = "File support for asyncio."
optional = false
python-versions = ">=3.9"
groups = ["main"]
files = [
    {file = "aiofiles-25.1.0-py3-none-any.whl", hash = "sha256:abe311e527c862958650f9438e859c1fa7568a141b22abcd015e120e86a85695"},
    {file = "aiofiles-25.1.0.tar.gz", hash = "sha256:a8d728f0a29de45dc521f18f07297428d56992a742f0cd2701ba86e44d23d5b2"},
]

[[package]]
name = "anyio"
version = "4.14.2"
description = "High-level concurrency and networking framework on top of asyncio or Trio"
optional = false
python-versions = ">=3.10"
groups = ["main"]
files = [
    {file = "anyio-4.14.2-py3-none-any.whl", hash = "sha256:9f505dda5ac9f0c8309b5e8bd445a8c2bf7246f3ce950121e45ea15bc41d1494"},
    {file = "anyio-4.14.2.tar.gz", hash = "sha256:cfa139f3ed1a23ee8f88a145ddb5ac7605b8bbfd8592baacd7ce3d8bb4313c7f"},
]

[package.dependencies]
exceptiongroup = {version = ">=1.0.2", markers = "python_version < \"3.11\""}
idna = ">=2.8"
typing_extensions = {version = ">=4.5", markers = "python_version < \"3.13\""}

[package.extras]
trio = ["trio (>=0.32.0)"]

[[package]]
name = "attrs"
version = "26.1.0"
description = "Classes Without Boilerplate"
optional = false
python-versions = ">=3.9"
groups = ["main"]
files = [
    {file = "attrs-26.1.0-py3-none-any.whl", hash = "sha256:c647aa4a12dfbad9333ca4e71fe62ddc36f4e63b2d260a37a8b83d2f043ac309"},
    {file = "attrs-26.1.0.tar.gz", hash = "sha256:d03ceb89cb322a8fd706d4fb91940737b6642aa36998fe130a9bc96c985eff32"},
]

[[package]]
name = "backports-asyncio-runner"
version = "1.2.0"
description = "Backport of asyncio.Runner, a context manager that controls event loop life cycle."
optional = false
python-versions = "<3.11,>=3.8"
groups = ["dev"]
markers = "python_version == \"3.10\""
files = [
    {file = "backports_asyncio_runner-1.2.0-py3-none-any.whl", hash = "sha256:0da0a936a8aeb554eccb426dc55af3ba63bcdc69fa1a600b5bb305413a4477b5"},
    {file = "backports_asyncio_runner-1.2.0.tar.gz", hash = "sha256:a5aa7b2b7d8f8bfcaa2b57313f70792df84e32a2a746f585213373f900b42162"},
]

[[package]]
name = "certifi"
version = "2026.7.22"
description = "Python package for providing Mozilla's CA Bundle."
optional = false
python-versions = ">=3.7"
groups = ["main"]
files = [
    {file = "certifi-2026.7.22-py3-none-any.whl", hash = "sha256:62f22742b58a1a33014a2b6b706588a8d7e2a88ae7bd1a6ebe8c992928483775"},
    {file = "certifi-2026.7.22.tar.gz", hash = "sha256:741e2c3b351ddf169a738da9f2c048608ff7f2c5cc02f1ebc6b118bb090d5d55"},
]

[[package]]
name = "cffi"
version = "2.1.1"
description = "Foreign Function Interface for Python calling C code."
optional = false
python-versions = ">=3.10"
groups = ["main"]
markers = "os_name == \"nt\" and implementation_name != \"pypy\""
files = [
    {file = "cffi-2.1.1-cp310-cp310-macosx_10_15_x86_64.whl", hash = "sha256:baed1e86cc735622097354b9d1281406caf42ff42a886d29faa8e8d1630333be"},
    {file = "cffi-2.1.1-cp310-cp310-macosx_11_0_arm64.whl", hash = "sha256:ca82be1a1d406ecfe1d25dc16cb33488e5a16bf4438c9fb590484ea29d92478b"},
    {file = "cffi-2.1.1-cp310-cp310-manylinux1_i686.manylinux2014_i686.manylinux_2_17_i686.manylinux_2_5_i686.whl", hash = "sha256:42e2f76b9455f5a9a844f770bf3e200ed3da0e15f5df3db9c31fe80b04b3d004"},
    {file = "cffi-2.1.1-cp310-cp310-manylinux2014_aarch64.manylinux_2_17_aarch64.whl", hash = "sha256:5a59cc1c4442bc3d5c703bf720b51138d0bfc173618807c9ee2490a7541dd3d9"},
    {file = "cffi-2.1.1-cp310-cp310-manylinux2014_ppc64le.manylinux_2_17_ppc64le.whl", hash = "sha256:9f8d177621de5cb38ee3e731eda45d421db093ec0739f46a5594babda7987a98"},
    {file = "cffi-2.1.1-cp310-cp310-manylinux2014_s390x.manylinux_2_17_s390x.whl", hash = "sha256:75f80557d1389eddbd0de2681f6a390a0c5338c31ddaa821381c203fc3fd50d9"},
    {file = "cffi-2.1.1-cp310-cp310-manylinux2014_x86_64.manylinux_2_17_x86_64.whl", hash = "sha256:194cffa889098ced9976c3fc6340305e43f6303657d298da55366907c05c22d6"},
    {file = "cffi-2.1.1-cp310-cp310-musllinux_1_2_aarch64.whl", hash = "sha256:5bb4e7ea95dcd6a014a6fef62e62467d67d8e582326443f3d68e71d6320a9fcf"},
    {file = "cffi-2.1.1-cp310-cp310-musllinux_1_2_i686.whl", hash = "sha256:3d22a20b1fb1632cc72c22f95f7b0d2961c3e1c235f245ba4c606c4771035659"},
    {file = "cffi-2.1.1-cp310-cp310-musllinux_1_2_x86_64.whl", hash = "sha256:1dea0e4d7d4f11f619fe8c1d76caf49e24405b4b5743c0e3be16a500ecd930c9"},
    {file = "cffi-2.1.1-cp310-cp310-win32.whl", hash = "sha256:7ce713ace7c0e4520535b42b77eaa742c16dab813978064913e5a3cf82973b41"},
    {file = "cffi-2.1.1-cp310-cp310-win_amd64.whl", hash = "sha256:a48d62ab9d6f4f98c983223a547af44be6ca3691074c31cecced6facd3ba2dc1"},
    {file = "cffi-2.1.1-cp311-cp311-macosx_10_15_x86_64.whl", hash = "sha256:c8d2c9fd1f2d16f780d15127abb050d13d1a76c03a4bd87d7e4980e45e511e12"},
    {file = "cffi-2.1.1-cp311-cp311-macosx_11_0_arm64.whl", hash = "sha256:398aff33cee2767e3e781d2554c54bd0dff386bb437581e0d8011fde1a942ec1"},
    {file = "cffi-2.1.1-cp311-cp311-manylinux1_i686.manylinux2014_i686.manylinux_2_17_i686.manylinux_2_5_i686.whl", hash = "sha256:154852545011f779917b11c78db2358d095da62a9a172b78ad0a583ee5adc0d0"},
    {file = "cffi-2.1.1-cp311-cp311-manylinux2014_aarch64.manylinux_2_17_aarch64.whl", hash = "sha256:3311ed60d36f83378794e1009ac6258bafbf81f7888b4caa7b35a521e3f95813"},
    {file = "cffi-2.1.1-cp311-cp311-manylinux2014_ppc64le.manylinux_2_17_ppc64le.whl", hash = "sha256:6e192623c49c94421616a5778fba35cf0d5a8d000650c1967ef4448ee5cdd990"},
    {file = "cffi-2.1.1-cp311-cp311-manylinux2014_s390x.manylinux_2_17_s390x.whl", hash = "sha256:a6e721d4b0e45d5b65e87534470e67b18dcd092c83f68fba09f152b9cbc061af"},
    {file = "cffi-2.1.1-cp311-cp311-manylinux2014_x86_64.manylinux_2_17_x86_64.whl", hash = "sha256:34e261f78cb6ceaaa36f42f2613f4380d94d9c759a9c73c769ee6e0247364632"},
    {file = "cffi-2.1.1-cp311-cp311-musllinux_1_2_aarch64.whl", hash = "sha256:7225e4514edb64eb6740324353e0da0711954fd8d7da4576755b1c6e09b697cd"},
    {file = "cffi-2.1.1-cp311-cp311-musllinux_1_2_i686.whl", hash = "sha256:df913725b79db7bcf03448f36b7bf8815363417d5b58deecf9305e3e30f0f21a"},
    {file = "cffi-2.1.1-cp311-cp311-musllinux_1_2_x86_64.whl", hash = "sha256:f5cfbc5fe74540d335175b656c725d74d90e3730c626d92575eea35029d9afaa"},
    {file = "cffi-2.1.1-cp311-cp311-win32.whl", hash = "sha256:f8ec5e643a9a937f64e1999eb9f75d072263751912dc5cd06d3c85f8f44be7c3"},
    {file = "cffi-2.1.1-cp311-cp311-win_amd64.whl", hash = "sha256:42f6930c31dc7f50732c9ae793c2786c7b6b044195967bbdde40bb9be81c4cc0"},
    {file = "cffi-2.1.1-cp311-cp311-win_arm64.whl", hash = "sha256:c7659f22557c5a0bc4855cd635f55edec690cc008a40768527762cb9fb263455"},
    {file = "cffi-2.1.1-cp312-cp312-macosx_10_15_x86_64.whl", hash = "sha256:c8c69575568085ba0b1b10c0249d779a214aea6f6522e949a0fc9fb0fcb449d0"},
    {file = "cffi-2.1.1-cp312-cp312-macosx_11_0_arm64.whl", hash = "sha256:f81b3b8f3d4e343550fa4baa0e479bba9f2d29ce9c2e9b51d1ce1718d7442fcf"},
    {file = "cffi-2.1.1-cp312-cp312-manylinux1_i686.manylinux2014_i686.manylinux_2_17_i686.manylinux_2_5_i686.whl", hash = "sha256:811bd1e21d32de12efca32393a0ab3f5133b54fce9bd44b8bd77ab07da14bf6a"},
    {file = "cffi-2.1.1-cp312-cp312-manylinux2014_aarch64.manylinux_2_17_aarch64.whl", hash = "sha256:68e62fe11f30d5ca8289242866f0a5291402d8529ca2178ab8afc5c9694ae890"},
    {file = "cffi-2.1.1-cp312-cp312-manylinux2014_ppc64le.manylinux_2_17_ppc64le.whl", hash = "sha256:4a7c934f7360e8cd64fe9efadcbd10c7c6364f531e432b9a4bf5ccbc9e0e8b50"},
    {file = "cffi-2.1.1-cp312-cp312-manylinux2014_s390x.manylinux_2_17_s390x.whl", hash = "sha256:3143d81e29e1e20a9ce10901ec369012947876596f75a222235965f2b7ae832e"},
    {file = "cffi-2.1.1-cp312-cp312-manylinux2014_x86_64.manylinux_2_17_x86_64.whl", hash = "sha256:c1453022f490d2459a11819d83ad1d586e9ff65a12ac3e705ffebd46d3685dcf"},
    {file = "cffi-2.1.1-cp312-cp312-musllinux_1_2_aarch64.whl", hash = "sha256:208f941bb9d18e768138677f0a6d2ce01f590df56043dda1df1535ac57c88517"},
    {file = "cffi-2.1.1-cp312-cp312-musllinux_1_2_x86_64.whl", hash = "sha256:210019b6c7cf07f081b4c54635c8cf744377001350e29cc0f81c4377b4797735"},
    {file = "cffi-2.1.1-cp312-cp312-win32.whl", hash = "sha256:046bfc24911b37851ee1b51aab8bffe713d89c68c6a057b09484ce9fd5f69b4e"},
    {file = "cffi-2.1.1-cp312-cp312-win_amd64.whl", hash = "sha256:f53e442b08449d42821fa4a4fba000095af9f62742a500f978a9f557ec44339a"},
    {file = "cffi-2.1.1-cp312-cp312-win_arm64.whl", hash = "sha256:7bde5e4cc5c10140859842b9d383af292b22639a4dffb725314baf45968cef80"},
    {file = "cffi-2.1.1-cp313-cp313-ios_13_0_arm64_iphoneos.whl", hash = "sha256:b5bdfd1c873d4e093aabc0ca84c4ca6dbc4f752afb5c86f146d9742580c9da2e"},
    {file = "cffi-2.1.1-cp313-cp313-ios_13_0_arm64_iphonesimulator.whl", hash = "sha256:31348097ff5bbe827ccc41795d4dd099d9f0625e7def00ee653c137a490c2a6c"},
    {file = "cffi-2.1.1-cp313-cp313-macosx_10_15_x86_64.whl", hash = "sha256:9d2055050ea716bd38b7f7f1579c275386646b4894c155a3e2f3cd62ed41b7c6"},
    {file = "cffi-2.1.1-cp313-cp313-macosx_11_0_arm64.whl", hash = "sha256:19ee6127ee34de7d83ce3d371ebc5ed91addbdcc39f9ab15ce4eb35a4e534971"},
    {file = "cffi-2.1.1-cp313-cp313-manylinux1_i686.manylinux2014_i686.manylinux_2_17_i686.manylinux_2_5_i686.whl", hash = "sha256:6a8dddef476fab96d066d578fc88526767b836ab5ab21754e1d5bf3879c31c7c"},
    {file = "cffi-2.1.1-cp313-cp313-manylinux2014_aarch64.manylinux_2_17_aarch64.whl", hash = "sha256:f16c709686a78c727bbbf059f92b0bf41c6fc60deec706d2dc19f529175a6125"},
    {file = "cffi-2.1.1-cp313-cp313-manylinux2014_ppc64le.manylinux_2_17_ppc64le.whl", hash = "sha256:fcd22650c908d7b7da162bbfaab594a1227a15d1643a98c68b122ac642fa2264"},
    {file = "cffi-2.1.1-cp313-cp313-manylinux2014_s390x.manylinux_2_17_s390x.whl", hash = "sha256:aa9511c62d14da7aacc9b4bf51f3f697a621e83b2d6919008243c3aad168eea3"},
    {file = "cffi-2.1.1-cp313-cp313-manylinux2014_x86_64.manylinux_2_17_x86_64.whl", hash = "sha256:a931079504ecc49efed7744c476a5c343a92fabf66dec2db95edb1b2fdc770e2"},
    {file = "cffi-2.1.1-cp313-cp313-musllinux_1_2_aarch64.whl", hash = "sha256:a2d7755bef5a12ed488f4ef1f1b69ee9191d7396083b755a5d2295f6edb4768b"},
    {file = "cffi-2.1.1-cp313-cp313-musllinux_1_2_x86_64.whl", hash = "sha256:e0bcb7e0f677f543555d2adff3bf19c05f66cdb4796e5ff602442ab2fe3c4ef7"},
    {file = "cffi-2.1.1-cp313-cp313-win32.whl", hash = "sha256:334644fbac4eff73d985a17a91226df55d0f394160c4cfb880e084c8f7161cac"},
    {file = "cffi-2.1.1-cp313-cp313-win_amd64.whl", hash = "sha256:1aa5645c30469b09530c4ebca77ebf8f17618293c58f8549cb1a543a50236e7d"},
    {file = "cffi-2.1.1-cp313-cp313-win_arm64.whl", hash = "sha256:63bbfd5ded17c4840ac07cd8f1c21ba9d9708141f840b324f422f41b207e3973"},
    {file = "cffi-2.1.1-cp314-cp314-ios_13_0_arm64_iphoneos.whl", hash = "sha256:7dbb61fe3a7699468030f71bbe5f8a0e326a151daa91beb11a6fc1f980c55e1c"},
    {file = "cffi-2.1.1-cp314-cp314-ios_13_0_arm64_iphonesimulator.whl", hash = "sha256:f24fb43132a4c6b4cb4eb029492919b2db645be6808d738f244fd146c03c32cb"},
    {file = "cffi-2.1.1-cp314-cp314-macosx_10_15_x86_64.whl", hash = "sha256:d28630f5854ab07ab1fd4aba756de52326c82e6be15d414b12793f1975048b54"},
    {file = "cffi-2.1.1-cp314-cp314-macosx_11_0_arm64.whl", hash = "sha256:661c298b4821edebead0c91edd2b00374d67ad7c5a1f7a91d4442633b79d6a72"},
    {file = "cffi-2.1.1-cp314-cp314-manylinux2014_aarch64.manylinux_2_17_aarch64.whl", hash = "sha256:58acb8ab8e295e6c5ea12f888cbb13cf21511ef2a3303a23f4325c29d17fe5c1"},
    {file = "cffi-2.1.1-cp314-cp314-manylinux2014_ppc64le.manylinux_2_17_ppc64le.whl", hash = "sha256:456a61fa52d579ebf9df2e9552ead5129855dbaff6c1e5a9b1bc408809bdc062"},
    {file = "cffi-2.1.1-cp314-cp314-manylinux2014_s390x.manylinux_2_17_s390x.whl", hash = "sha256:a4f00aa42f75d6e4595e8866e748cc1705adc0cddfeb2ca86d0d03993d63ba03"},
    {file = "cffi-2.1.1-cp314-cp314-manylinux2014_x86_64.manylinux_2_17_x86_64.whl", hash = "sha256:b0431303acaea1089ad4b3e9ce4e6518193def1118d4073ca848635ee4ea2e96"},
    {file = "cffi-2.1.1-cp314-cp314-musllinux_1_2_aarch64.whl", hash = "sha256:64faea20f4e2613363a1a9b9c7dd73058f3ecd00133a511e72ad7c511658f527"},
    {file = "cffi-2.1.1-cp314-cp314-musllinux_1_2_x86_64.whl", hash = "sha256:5c58fe613dc5e5336357eff555824a314d8e43282600435c8d1cb6a7a2fedd13"},
    {file = "cffi-2.1.1-cp314-cp314-win32.whl", hash = "sha256:1a18a57b58cfb21fc28d72e876acf10eaed67a1ed96226f92af4df681d571c4c"},
    {file = "cffi-2.1.1-cp314-cp314-win_amd64.whl", hash = "sha256:3222ba5d678f80a030e6afbcc33dc1ae5cb45facabb61cee2c7016b8432fde48"},
    {file = "cffi-2.1.1-cp314-cp314-win_arm64.whl", hash = "sha256:ab36d55f9ed2d067327667c2fea18dda018eb628dd6347aa01dda6cf1f5d3836"},
    {file = "cffi-2.1.1-cp314-cp314t-macosx_10_15_x86_64.whl", hash = "sha256:7750c6449dff7864bb9bb27ddfb0267756189201a3afc911d82b3caacd70dfc3"},
    {file = "cffi-2.1.1-cp314-cp314t-macosx_11_0_arm64.whl", hash = "sha256:0beceaabe56af686895136a2de78db54ecd8e4046b236b8fd6d6cb61389e9bf2"},
    {file = "cffi-2.1.1-cp314-cp314t-manylinux2014_aarch64.manylinux_2_17_aarch64.whl", hash = "sha256:49cbc70e6542d4ccccb936558d1064a8012541e78f821f955cff24e357776c94"},
    {file = "cffi-2.1.1-cp314-cp314t-manylinux2014_ppc64le.manylinux_2_17_ppc64le.whl", hash = "sha256:e2d65b31f36619cda3999b78b2aa9632e76b78448e7a56fc4240824200e7c4fc"},
    {file = "cffi-2.1.1-cp314-cp314t-manylinux2014_s390x.manylinux_2_17_s390x.whl", hash = "sha256:28907ab9bfb6aa13184cfc17c6b8e1023c5ab6fd7076d8c20a35e59fe04f8f29"},
    {file = "cffi-2.1.1-cp314-cp314t-manylinux2014_x86_64.manylinux_2_17_x86_64.whl", hash = "sha256:51b31d1c98274844cfd7838ce00bfc27c7423a4dc00fc0772fc3331c2cc90676"},
    {file = "cffi-2.1.1-cp314-cp314t-musllinux_1_2_aarch64.whl", hash = "sha256:5e7cecbaadb83884793e05828cee59b210b24583b9c7425d0ba6a754fe22eb4e"},
    {file = "cffi-2.1.1-cp314-cp314t-musllinux_1_2_x86_64.whl", hash = "sha256:25792eac27877609e7bb06d42ff88278a6624fff2ba9bbb523c09616b117e80f"},
    {file = "cffi-2.1.1-cp314-cp314t-win32.whl", hash = "sha256:8ef53b2de9bcb9197d31854256575d59dbac0cba72ac627bb291ef5eceb74be4"},
    {file = "cffi-2.1.1-cp314-cp314t-win_amd64.whl", hash = "sha256:616f097f2fe415bc92a247f02e11f634e1f9e9a83d327e3c915c15089c87869e"},
    {file = "cffi-2.1.1-cp314-cp314t-win_arm64.whl", hash = "sha256:ad2c86c495b899d862ea0f4b42891b8713a3bd45dd4105c7fd51c2a72f39f3a5"},
    {file = "cffi-2.1.1-cp315-cp315-ios_13_0_arm64_iphoneos.whl", hash = "sha256:dddad92b554513a31f272570678ba307fb9f618f05e3d4a5eacafff9eae03e1d"},
    {file = "cffi-2.1.1-cp315-cp315-ios_13_0_arm64_iphonesimulator.whl", hash = "sha256:da0e573f9f97159390c89d9f1a9e41908b66d408cc5b58d08cf3847d844c531b"},
    {file = "cffi-2.1.1-cp315-cp315-macosx_10_15_x86_64.whl", hash = "sha256:fb92203a88b3d3053034db775110081c49d28be6551923805e039924093761e4"},
    {file = "cffi-2.1.1-cp315-cp315-macosx_11_0_arm64.whl", hash = "sha256:2ae64be792b8966f2c69538199728b290e34726562896df1e5dc8ffd8d8188e8"},
    {file = "cffi-2.1.1-cp315-cp315-manylinux2014_aarch64.manylinux_2_17_aarch64.whl", hash = "sha256:507a24c282e0f42f8ed737cf048572cbf580468da5555764a8331735e9c736b6"},
    {file = "cffi-2.1.1-cp315-cp315-manylinux2014_ppc64le.manylinux_2_17_ppc64le.whl", hash = "sha256:246fa40ce8645a614ff682e0b70f37134e460eaf93a775e0cbe3cca585a67a80"},
    {file = "cffi-2.1.1-cp315-cp315-manylinux2014_s390x.manylinux_2_17_s390x.whl", hash = "sha256:471cee653ae88de62096552e6d24ccb4a5adb8c8c9f10b5054d0122c15bf2779"},
    {file = "cffi-2.1.1-cp315-cp315-manylinux2014_x86_64.manylinux_2_17_x86_64.whl", hash = "sha256:aeae0e330c9f6acd681f647d46cefd30c29f93e3392882e792e82080c9691399"},
    {file = "cffi-2.1.1-cp315-cp315-musllinux_1_2_aarch64.whl", hash = "sha256:42a494cee34437f05546455144f2b5d9ac09b1face62bcfce597d2e521066688"},
    {file = "cffi-2.1.1-cp315-cp315-musllinux_1_2_x86_64.whl", hash = "sha256:cc572dace3f60ef98d7b12ff411d20f5362feb31a0439eab0085bbfd349982d7"},
    {file = "cffi-2.1.1-cp315-cp315-win32.whl", hash = "sha256:4f42141fc14250de6dde5ee7ea4432be017252d91f19c5ad043c084cea629cac"},
    {file = "cffi-2.1.1-cp315-cp315-win_amd64.whl", hash = "sha256:e6e8cff14d6fb0be70a09c0bdc58096f501952d04624ebf867e0e56da2df8960"},
    {file = "cffi-2.1.1-cp315-cp315-win_arm64.whl", hash = "sha256:27350daa11d4f10c540e6e89dada4c54feb7256ad03e9a4dc075ebad7ba360d1"},
    {file = "cffi-2.1.1-cp315-cp315t-macosx_10_15_x86_64.whl", hash = "sha256:c26608d2222fb1e94487e4a387d85f13eb55d5ed725cb25a0c589ac4ee60e7bc"},
    {file = "cffi-2.1.1-cp315-cp315t-macosx_11_0_arm64.whl", hash = "sha256:4be96343e422f2dfcd12ab5c9f5aebe03f82f737c6bffeca6830b3875cb44aab"},
    {file = "cffi-2.1.1-cp315-cp315t-manylinux2014_aarch64.manylinux_2_17_aarch64.whl", hash = "sha256:937c0052c05a31ca1daf18de3158eed4dbfcb9cc107adbea227728d647be701e"},
    {file = "cffi-2.1.1-cp315-cp315t-manylinux2014_ppc64le.manylinux_2_17_ppc64le.whl", hash = "sha256:df423d40ee8654634421812bc3b196da3f9bd7d32929da813f8394c4348a5358"},
    {file = "cffi-2.1.1-cp315-cp315t-manylinux2014_s390x.manylinux_2_17_s390x.whl", hash = "sha256:a730a083190634c65cca36ba5f489531576ebd79bcd5c8e172130f6453127231"},
    {file = "cffi-2.1.1-cp315-cp315t-manylinux2014_x86_64.manylinux_2_17_x86_64.whl", hash = "sha256:363e05fa78e15116c3c32c210ee36884fd6b9afa6d440e47112c3bd511d64cb6"},
    {file = "cffi-2.1.1-cp315-cp315t-musllinux_1_2_aarch64.whl", hash = "sha256:770de9db11e84213beec501cfcaa013b019820ca881e03344dea5844f7876d94"},
    {file = "cffi-2.1.1-cp315-cp315t-musllinux_1_2_x86_64.whl", hash = "sha256:7da0c5eff80f0197f3b3d1232ec5a682a9325f4ae9016a78f5f5ca35f9ced1f5"},
    {file = "cffi-2.1.1-cp315-cp315t-win32.whl", hash = "sha256:06c72bb76605a4b0cd0aad6930b69d4baf7dd5d806cfc409b824191099700e66"},
    {file = "cffi-2.1.1-cp315-cp315t-win_amd64.whl", hash = "sha256:d9c275eaacd24aa73f94ffd6de08fc3f932424d8b6c376f4bed7cde376fe7bc3"},
    {file = "cffi-2.1.1-cp315-cp315t-win_arm64.whl", hash = "sha256:d18e5ac0f2f03f4f518d3e23db0f0cad7faa1da8620e9c09461d443bbf6e6692"},
    {file = "cffi-2.1.1.tar.gz", hash = "sha256:dd31f52ea1086513bb9df30f8fcee9b8918323ae067a3d5b78bc826a000712be"},
]

[package.dependencies]
pycparser = {version = "*", markers = "implementation_name != \"PyPy\""}

[[package]]
name = "colorama"
version = "0.4.6"
description = "Cross-platform colored terminal text."
optional = false
python-versions = "!=3.0.*,!=3.1.*,!=3.2.*,!=3.3.*,!=3.4.*,!=3.5.*,!=3.6.*,>=2.7"
groups = ["dev"]
markers = "sys_platform == \"win32\""
files = [
    {file = "colorama-0.4.6-py2.py3-none-any.whl", hash = "sha256:4f1d9991f5acc0ca119f9d443620b77f9d6b33703e51011c16baf57afb285fc6"},
    {file = "colorama-0.4.6.tar.gz", hash = "sha256:08695f5cb7ed6e0531a20572697297273c47b8cae5a63ffc6d6ed5c201be6e44"},
]

[[package]]
name = "env-easy"
version = "0.0.4"
description = "Environment variables, but easy"
optional = false
python-versions = "<3.14,>=3.8"
groups = ["main"]
files = [
    {file = "env_easy-0.0.4-py3-none-any.whl", hash = "sha256:d263a3d65d0d671ab3e8dad6bc962d453eaf6b8103edd78a1cb2550ad92db455"},
    {file = "env_easy-0.0.4.tar.gz", hash = "sha256:cd833f2a79df130f78823f05dedf712387b9c2eb8233fae79c8619407d5bbffa"},
]

[package.dependencies]
python-dotenv = ">=1.0.1"

[[package]]
name = "exceptiongroup"
version = "1.3.1"
description = "Backport of PEP 654 (exception groups)"
optional = false
python-versions = ">=3.7"
groups = ["main", "dev"]
markers = "python_version == \"3.10\""
files = [
    {file = "exceptiongroup-1.3.1-py3-none-any.whl", hash = "sha256:a7a39a3bd276781e98394987d3a5701d0c4edffb633bb7a5144577f82c773598"},
    {file = "exceptiongroup-1.3.1.tar.gz", hash = "sha256:8b412432c6055b0b7d14c310000ae93352ed6754f70fa8f7c34141f91c4e3219"},
]

[package.dependencies]
typing-extensions = {version = ">=4.6.0", markers = "python_version < \"3.13\""}

[package.extras]
test = ["pytest (>=6)"]

[[package]]
name = "exrex"
version = "0.12.0"
description = "Irregular methods for regular expressions"
optional = false
python-versions = "*"
groups = ["main"]
files = [
    {file = "exrex-0.12.0-py3-none-any.whl", hash = "sha256:1228f2e3afb008cacf6adc3ec20b098f1303886f4382b57cdf3b7259fb7c0ad3"},
    {file = "exrex-0.12.0.tar.gz", hash = "sha256:3f582add0700d4141e279625252e7a0655f9ad81feab3b8ab9077966668a2c99"},
]

[[package]]
name = "file-downloader-easy"
version = "0.0.2"
description = "File downloader, but made easy"
optional = false
python-versions = "<3.14,>=3.8"
groups = ["main"]
files = [
    {file = "file_downloader_easy-0.0.2-py3-none-any.whl", hash = "sha256:5c02f75c428f1a5d9fd168f2e6950f4bd8b953978f21531a7fd3f61ba59eee26"},
    {file = "file_downloader_easy-0.0.2.tar.gz", hash = "sha256:e2ef737da02a221c65840afa2412c8d278621d3a00a19f39b8991c72c4f80327"},
]

[package.dependencies]
file_easy = ">=0.0.1,<1.0.0"
httpx_easy = ">=0.0.1,<1.0.0"

[[package]]
name = "file-easy"
version = "0.0.1"
description = "File handling, but made easy"
optional = false
python-versions = "<3.14,>=3.8"
groups = ["main"]
files = [
    {file = "file_easy-0.0.1-py3-none-any.whl", hash = "sha256:1d4feac8bb426536dd410d6017f4eddbe9497fc8afefd5b4900af57443d015e8"},
    {file = "file_easy-0.0.1.tar.gz", hash = "sha256:a0268cdb76c626c23c270fa1d4e2d25242f36f8ed248d77a67dbbb52bd625fb1"},
]

[package.dependencies]
pystandards = ">=0.0.17,<1.0.0"

[[package]]
name = "h11"
version = "0.16.0"
description = "A pure-Python, bring-your-own-I/O implementation of HTTP/1.1"
optional = false
python-versions = ">=3.8"
groups = ["main"]
files = [
    {file = "h11-0.16.0-py3-none-any.whl", hash = "sha256:63cf8bbe7522de3bf65932fda1d9c2772064ffb3dae62d55932da54b31cb6c86"},
    {file = "h11-0.16.0.tar.gz", hash = "sha256:4e35b956cf45792e4caa5885e69fba00bdbc6ffafbfa020300e549b208ee5ff1"},
]

[[package]]
name = "httpcore"
version = "1.0.9"
description = "A minimal low-level HTTP client."
optional = false
python-versions = ">=3.8"
groups = ["main"]
files = [
    {file = "httpcore-1.0.9-py3-none-any.whl", hash = "sha256:2d400746a40668fc9dec9810239072b40b4484b640a8c38fd654a024c7a1bf55"},
    {file = "httpcore-1.0.9.tar.gz", hash = "sha256:6e34463af53fd2ab5d807f399a9b45ea31c3dfa2276f15a2c3f00afff6e176e8"},
]

[package.dependencies]
certifi = "*"
h11 = ">=0.16"

[package.extras]
asyncio = ["anyio (>=4.0,<5.0)"]
http2 = ["h2 (>=3,<5)"]
socks = ["socksio (==1.*)"]
trio = ["trio (>=0.22.0,<1.0)"]

[[package]]
name = "httpx"
version = "0.28.1"
description = "The next generation HTTP client."
optional = false
python-versions = ">=3.8"
groups = ["main"]
files = [
    {file = "httpx-0.28.1-py3-none-any.whl", hash = "sha256:d909fcccc110f8c7faf814ca82a9a4d816bc5a6dbfea25d6591d6985b8ba59ad"},
    {file = "httpx-0.28.1.tar.gz", hash = "sha256:75e98c5f16b0f35b567856f597f06ff2270a374470a5c2392242528e3e3e42fc"},
]

[package.dependencies]
anyio = "*"
certifi = "*"
httpcore = "==1.*"
idna = "*"

[package.extras]
brotli = ["brotli ; platform_python_implementation == \"CPython\"", "brotlicffi ; platform_python_implementation != \"CPython\""]
cli = ["click (==8.*)", "pygments (==2.*)", "rich (>=10,<14)"]
http2 = ["h2 (>=3,<5)"]
socks = ["socksio (==1.*)"]
zstd = ["zstandard (>=0.18.0)"]

[[package]]
name = "httpx-easy"
version = "0.1.0"
description = "Httpx, but made easy"
optional = false
python-versions = "<3.14,>=3.8"
groups = ["main"]
files = [
    {file = "httpx_easy-0.1.0-py3-none-any.whl", hash = "sha256:6993db4097fc8d5ce504d218c06e0b0629db26ed1d237d63b81e6e5db866d81f"},
    {file = "httpx_easy-0.1.0.tar.gz", hash = "sha256:919687c51ca05a77e0205aae2c4c80f2224ddd9762590b00c09b8e0796da3c6a"},
]

[package.dependencies]
aiofiles = ">=24.1.0,<9999.9.9"
httpx = ">=0.28.1,<9999.9.9"
pystandards = ">=0.0.18,<1.0.0"
python-dotenv = ">=0.0.1,<9999.0.0"

[[package]]
name = "idna"
version = "3.18"
description = "Internationalized Domain Names in Applications (IDNA)"
optional = false
python-versions = ">=3.9"
groups = ["main"]
files = [
    {file = "idna-3.18-py3-none-any.whl", hash = "sha256:7f952cbe720b688055e3f87de14f5c3e5fdaa8bc3928985c4077ca689de849a2"},
    {file = "idna-3.18.tar.gz", hash = "sha256:ffb385a7e039654cef1ab9ef32c6fafe283c0c0467bba1d9029738ce4a14a848"},
]

[package.extras]
all = ["mypy (>=1.11.2)", "pytest (>=8.3.2)", "ruff (>=0.6.2)"]

[[package]]
name = "iniconfig"
version = "2.3.0"
description = "brain-dead simple config-ini parsing"
optional = false
python-versions = ">=3.10"
groups = ["dev"]
files = [
    {file = "iniconfig-2.3.0-py3-none-any.whl", hash = "sha256:f631c04d2c48c52b84d0d0549c99ff3859c98df65b3101406327ecc7d53fbf12"},
    {file = "iniconfig-2.3.0.tar.gz", hash = "sha256:c76315c77db068650d49c5b56314774a7804df16fee4402c1f19d6d15d8c4730"},
]

[[package]]
name = "outcome"
version = "1.3.0.post0"
description = "Capture the outcome of Python function calls."
optional = false
python-versions = ">=3.7"
groups = ["main"]
files = [
    {file = "outcome-1.3.0.post0-py2.py3-none-any.whl", hash = "sha256:e771c5ce06d1415e356078d3bdd68523f284b4ce5419828922b6871e65eda82b"},
    {file = "outcome-1.3.0.post0.tar.gz", hash = "sha256:9dcf02e65f2971b80047b377468e72a268e15c0af3cf1238e6ff14f7f91143b8"},
]

[package.dependencies]
attrs = ">=19.2.0"

[[package]]
name = "packaging"
version = "26.3"
description = "Core utilities for Python packages"
optional = false
python-versions = ">=3.9"
groups = ["dev"]
files = [
    {file = "packaging-26.3-py3-none-any.whl", hash = "sha256:d7193f7c8e4e93f444fde0262bf90af30e16fa0ad0ad44cb553c87339b23cd1c"},
    {file = "packaging-26.3.tar.gz", hash = "sha256:94edc256424af38762eb31306eed28beb9f0efc50a8837492c9d6fd6004aed79"},
]

[[package]]
name = "pluggy"
version = "1.6.0"
description = "plugin and hook calling mechanisms for python"
optional = false
python-versions = ">=3.9"
groups = ["dev"]
files = [
    {file = "pluggy-1.6.0-py3-none-any.whl", hash = "sha256:e920276dd6813095e9377c0bc5566d94c932c33b27a3e3945d8389c374dd4746"},
    {file = "pluggy-1.6.0.tar.gz", hash = "sha256:7dcc130b76258d33b90f61b658791dede3486c3e6bfb003ee5c9bfb396dd22f3"},
]

[package.extras]
dev = ["pre-commit", "tox"]
testing = ["coverage", "pytest", "pytest-benchmark"]

[[package]]
name = "printer-easy"
version = "0.0.2"
description = "Printer, but made easy"
optional = false
python-versions = "<3.14,>=3.8"
groups = ["dev"]
files = [
    {file = "printer_easy-0.0.2-py3-none-any.whl", hash = "sha256:f1302b01fa503ecae5820602451aaaba4d0bdc19e62b583f0bd4807d9fbb6aaa"},
    {file = "printer_easy-0.0.2.tar.gz", hash = "sha256:d81034a65543de2bad136275dfddbf907c2a5e6bd04227c9f3362b8753fcedc6"},
]

[[package]]
name = "psutil"
version = "7.2.2"
description = "Cross-platform lib for process and system monitoring."
optional = false
python-versions = ">=3.6"
groups = ["dev"]
files = [
    {file = "psutil-7.2.2-cp313-cp313t-macosx_10_13_x86_64.whl", hash = "sha256:2edccc433cbfa046b980b0df0171cd25bcaeb3a68fe9022db0979e7aa74a826b"},
    {file = "psutil-7.2.2-cp313-cp313t-macosx_11_0_arm64.whl", hash = "sha256:e78c8603dcd9a04c7364f1a3e670cea95d51ee865e4efb3556a3a63adef958ea"},
    {file = "psutil-7.2.2-cp313-cp313t-manylinux2010_x86_64.manylinux_2_12_x86_64.manylinux_2_28_x86_64.whl", hash = "sha256:1a571f2330c966c62aeda00dd24620425d4b0cc86881c89861fbc04549e5dc63"},
    {file = "psutil-7.2.2-cp313-cp313t-manylinux2014_aarch64.manylinux_2_17_aarch64.manylinux_2_28_aarch64.whl", hash = "sha256:917e891983ca3c1887b4ef36447b1e0873e70c933afc831c6b6da078ba474312"},
    {file = "psutil-7.2.2-cp313-cp313t-win_amd64.whl", hash = "sha256:ab486563df44c17f5173621c7b198955bd6b613fb87c71c161f827d3fb149a9b"},
    {file = "psutil-7.2.2-cp313-cp313t-win_arm64.whl", hash = "sha256:ae0aefdd8796a7737eccea863f80f81e468a1e4cf14d926bd9b6f5f2d5f90ca9"},
    {file = "psutil-7.2.2-cp314-cp314t-macosx_10_15_x86_64.whl", hash = "sha256:eed63d3b4d62449571547b60578c5b2c4bcccc5387148db46e0c2313dad0ee00"},
    {file = "psutil-7.2.2-cp314-cp314t-macosx_11_0_arm64.whl", hash = "sha256:7b6d09433a10592ce39b13d7be5a54fbac1d1228ed29abc880fb23df7cb694c9"},
    {file = "psutil-7.2.2-cp314-cp314t-manylinux2010_x86_64.manylinux_2_12_x86_64.manylinux_2_28_x86_64.whl", hash = "sha256:1fa4ecf83bcdf6e6c8f4449aff98eefb5d0604bf88cb883d7da3d8d2d909546a"},
    {file = "psutil-7.2.2-cp314-cp314t-manylinux2014_aarch64.manylinux_2_17_aarch64.manylinux_2_28_aarch64.whl", hash = "sha256:e452c464a02e7dc7822a05d25db4cde564444a67e58539a00f929c51eddda0cf"},
    {file = "psutil-7.2.2-cp314-cp314t-win_amd64.whl", hash = "sha256:c7663d4e37f13e884d13994247449e9f8f574bc4655d509c3b95e9ec9e2b9dc1"},
    {file = "psutil-7.2.2-cp314-cp314t-win_arm64.whl", hash = "sha256:11fe5a4f613759764e79c65cf11ebdf26e33d6dd34336f8a337aa2996d71c841"},
    {file = "psutil-7.2.2-cp36-abi3-macosx_10_9_x86_64.whl", hash = "sha256:ed0cace939114f62738d808fdcecd4c869222507e266e574799e9c0faa17d486"},
    {file = "psutil-7.2.2-cp36-abi3-macosx_11_0_arm64.whl", hash = "sha256:1a7b04c10f32cc88ab39cbf606e117fd74721c831c98a27dc04578deb0c16979"},
    {file = "psutil-7.2.2-cp36-abi3-manylinux2010_x86_64.manylinux_2_12_x86_64.manylinux_2_28_x86_64.whl", hash = "sha256:076a2d2f923fd4821644f5ba89f059523da90dc9014e85f8e45a5774ca5bc6f9"},
    {file = "psutil-7.2.2-cp36-abi3-manylinux2014_aarch64.manylinux_2_17_aarch64.manylinux_2_28_aarch64.whl", hash = "sha256:b0726cecd84f9474419d67252add4ac0cd9811b04d61123054b9fb6f57df6e9e"},
    {file = "psutil-7.2.2-cp36-abi3-musllinux_1_2_aarch64.whl", hash = "sha256:fd04ef36b4a6d599bbdb225dd1d3f51e00105f6d48a28f006da7f9822f2606d8"},
    {file = "psutil-7.2.2-cp36-abi3-musllinux_1_2_x86_64.whl", hash = "sha256:b58fabe35e80b264a4e3bb23e6b96f9e45a3df7fb7eed419ac0e5947c61e47cc"},
    {file = "psutil-7.2.2-cp37-abi3-win_amd64.whl", hash = "sha256:eb7e81434c8d223ec4a219b5fc1c47d0417b12be7ea866e24fb5ad6e84b3d988"},
    {file = "psutil-7.2.2-cp37-abi3-win_arm64.whl", hash = "sha256:8c233660f575a5a89e6d4cb65d9f938126312bca76d8fe087b947b3a1aaac9ee"},
    {file = "psutil-7.2.2.tar.gz", hash = "sha256:0746f5f8d406af344fd547f1c8daa5f5c33dbc293bb8d6a16d80b4bb88f59372"},
]

[package.extras]
dev = ["abi3audit", "black", "check-manifest", "colorama ; os_name == \"nt\"", "coverage", "packaging", "psleak", "pylint", "pyperf", "pypinfo", "pyreadline3 ; os_name == \"nt\"", "pytest", "pytest-cov", "pytest-instafail", "pytest-xdist", "pywin32 ; os_name == \"nt\" and implementation_name != \"pypy\"", "requests", "rstcheck", "ruff", "setuptools", "sphinx", "sphinx_rtd_theme", "toml-sort", "twine", "validate-pyproject[all]", "virtualenv", "vulture", "wheel", "wheel ; os_name == \"nt\" and implementation_name != \"pypy\"", "wmi ; os_name == \"nt\" and implementation_name != \"pypy\""]
test = ["psleak", "pytest", "pytest-instafail", "pytest-xdist", "pywin32 ; os_name == \"nt\" and implementation_name != \"pypy\"", "setuptools", "wheel ; os_name == \"nt\" and implementation_name != \"pypy\"", "wmi ; os_name == \"nt\" and implementation_name != \"pypy\""]

[[package]]
name = "pycparser"
version = "3.0"
description = "C parser in Python"
optional = false
python-versions = ">=3.10"
groups = ["main"]
markers = "os_name == \"nt\" and implementation_name != \"pypy\" and implementation_name != \"PyPy\""
files = [
    {file = "pycparser-3.0-py3-none-any.whl", hash = "sha256:b727414169a36b7d524c1c3e31839a521725078d7b2ff038656844266160a992"},
    {file = "pycparser-3.0.tar.gz", hash = "sha256:600f49d217304a5902ac3c37e1281c9fe94e4d0489de643a9504c5cdfdfc6b29"},
]

[[package]]
name = "pygments"
version = "2.20.0"
description = "Pygments is a syntax highlighting package written in Python."
optional = false
python-versions = ">=3.9"
groups = ["dev"]
files = [
    {file = "pygments-2.20.0-py3-none-any.whl", hash = "sha256:81a9e26dd42fd28a23a2d169d86d7ac03b46e2f8b59ed4698fb4785f946d0176"},
    {file = "pygments-2.20.0.tar.gz", hash = "sha256:6757cd03768053ff99f3039c1a36d6c0aa0b263438fcab17520b30a303a82b5f"},
]

[package.extras]
windows-terminal = ["colorama (>=0.4.6)"]

[[package]]
name = "pysocks"
version = "1.7.1"
description = "A Python SOCKS client module. See https://github.com/Anorov/PySocks for more information."
optional = false
python-versions = ">=2.7, !=3.0.*, !=3.1.*, !=3.2.*, !=3.3.*"
groups = ["main"]
files = [
    {file = "PySocks-1.7.1-py27-none-any.whl", hash = "sha256:08e69f092cc6dbe92a0fdd16eeb9b9ffbc13cadfe5ca4c7bd92ffb078b293299"},
    {file = "PySocks-1.7.1-py3-none-any.whl", hash = "sha256:2725bd0a9925919b9b51739eea5f9e2bae91e83288108a9ad338b2e3a4435ee5"},
    {file = "PySocks-1.7.1.tar.gz", hash = "sha256:3f8804571ebe159c380ac6de37643bb4685970655d3bba243530d6558b799aa0"},
]

[[package]]
name = "pystandards"
version = "0.0.18"
description = "Standards but in Python"
optional = false
python-versions = "<3.14,>=3.8"
groups = ["main"]
files = [
    {file = "pystandards-0.0.18-py3-none-any.whl", hash = "sha256:f85d2100596fa516190e34cfc8164ea8a4c38226e41a4f34c06f00dc2559e355"},
    {file = "pystandards-0.0.18.tar.gz", hash = "sha256:d76438015d2db0d41cf275c097aa7e2ac29fa04adea4d9ec24acb8d14945aa72"},
]

[package.dependencies]
exrex = ">=0.12.0,<9999.0.0"

[[package]]
name = "pytest"
version = "8.4.2"
description = "pytest: simple powerful testing with Python"
optional = false
python-versions = ">=3.9"
groups = ["dev"]
files = [
    {file = "pytest-8.4.2-py3-none-any.whl", hash = "sha256:872f880de3fc3a5bdc88a11b39c9710c3497a547cfa9320bc3c5e62fbf272e79"},
    {file = "pytest-8.4.2.tar.gz", hash = "sha256:86c0d0b93306b961d58d62a4db4879f27fe25513d4b969df351abdddb3c30e01"},
]

[package.dependencies]
colorama = {version = ">=0.4", markers = "sys_platform == \"win32\""}
exceptiongroup = {version = ">=1", markers = "python_version < \"3.11\""}
iniconfig = ">=1"
packaging = ">=20"
pluggy = ">=1.5,<2"
pygments = ">=2.7.2"
tomli = {version = ">=1", markers = "python_version < \"3.11\""}

[package.extras]
dev = ["argcomplete", "attrs (>=19.2)", "hypothesis (>=3.56)", "mock", "requests", "setuptools", "xmlschema"]

[[package]]
name = "pytest-asyncio"
version = "1.4.0"
description = "Pytest support for asyncio"
optional = false
python-versions = ">=3.10"
groups = ["dev"]
files = [
    {file = "pytest_asyncio-1.4.0-py3-none-any.whl", hash = "sha256:933ca923a23075a87fb7070c0ec272a6848489824d887c85c812670932835aa1"},
    {file = "pytest_asyncio-1.4.0.tar.gz", hash = "sha256:c6c0d2259945122819f171a32ecea2c349ead889ee28176caaf492143424be42"},
]

[package.dependencies]
backports-asyncio-runner = {version = ">=1.1,<2", markers = "python_version < \"3.11\""}
pytest = ">=8.4,<10"
typing-extensions = {version = ">=4.12", markers = "python_version < \"3.13\""}

[package.extras]
docs = ["sphinx (>=5.3)", "sphinx-rtd-theme (>=1)", "sphinx-tabs (>=3.5)"]
testing = ["coverage (>=6.2)", "hypothesis (>=5.7.1)"]

[[package]]
name = "pytest-easy"
version = "0.0.5"
description = "Pytest, but made easy"
optional = false
python-versions = "<3.14,>=3.8"
groups = ["dev"]
files = [
    {file = "pytest_easy-0.0.5-py3-none-any.whl", hash = "sha256:afbabd82295cff2b4ced7b0fade8cbda03f57b53b511ddceae9df75bf81640dc"},
    {file = "pytest_easy-0.0.5.tar.gz", hash = "sha256:333c96cd818b62acf5c34b7956436d7378a00897c0f4f687cbb139ded19edb35"},
]

[package.dependencies]
printer-easy = ">=0.0.2,<1.0.0"
psutil = ">=7.2.2,<9999.0.0"
python-dotenv = ">=1.0.1,<9999.0.0"

[[package]]
name = "python-dotenv"
version = "1.2.2"
description = "Read key-value pairs from a .env file and set them as environment variables"
optional = false
python-versions = ">=3.10"
groups = ["main", "dev"]
files = [
    {file = "python_dotenv-1.2.2-py3-none-any.whl", hash = "sha256:1d8214789a24de455a8b8bd8ae6fe3c6b69a5e3d64aa8a8e5d68e694bbcb285a"},
    {file = "python_dotenv-1.2.2.tar.gz", hash = "sha256:2c371a91fbd7ba082c2c1dc1f8bf89ca22564a087c2c287cd9b662adde799cf3"},
]

[package.extras]
cli = ["click (>=5.0)"]

[[package]]
name = "selenium"
version = "4.47.0"
description = "Official Python bindings for Selenium WebDriver"
optional = false
python-versions = ">=3.10"
groups = ["main"]
files = [
    {file = "selenium-4.47.0-py3-none-any.whl", hash = "sha256:2eac6b8e7c017f57ecc40820383da8881a6fd7a90ea555c1b0af322f2344b347"},
    {file = "selenium-4.47.0.tar.gz", hash = "sha256:4f6667c23080646e045fb91d2039687e88f549d667961f6ce85832b17384b68e"},
]

[package.dependencies]
certifi = ">=2026.2.25"
trio = ">=0.31.0,<1.0"
trio-websocket = ">=0.12.2,<1.0"
typing_extensions = ">=4.15.0,<5.0"
urllib3 = {version = ">=2.6.3,<3.0", extras = ["socks"]}
websocket-client = ">=1.8.0,<2.0"

[[package]]
name = "sniffio"
version = "1.3.1"
description = "Sniff out which async library your code is running under"
optional = false
python-versions = ">=3.7"
groups = ["main"]
files = [
    {file = "sniffio-1.3.1-py3-none-any.whl", hash = "sha256:2f6da418d1f1e0fddd844478f41680e794e6051915791a034ff65e5f100525a2"},
    {file = "sniffio-1.3.1.tar.gz", hash = "sha256:f4324edc670a0f49750a81b895f35c3adb843cca46f0530f79fc1babb23789dc"},
]

[[package]]
name = "sortedcontainers"
version = "2.4.0"
description = "Sorted Containers -- Sorted List, Sorted Dict, Sorted Set"
optional = false
python-versions = "*"
groups = ["main"]
files = [
    {file = "sortedcontainers-2.4.0-py2.py3-none-any.whl", hash = "sha256:a163dcaede0f1c021485e957a39245190e74249897e2ae4b2aa38595db237ee0"},
    {file = "sortedcontainers-2.4.0.tar.gz", hash = "sha256:25caa5a06cc30b6b83d11423433f65d1f9d76c4c6a0c90e3379eaa43b9bfdb88"},
]

[[package]]
name = "tomli"
version = "2.4.1"
description = "A lil' TOML parser"
optional = false
python-versions = ">=3.8"
groups = ["dev"]
markers = "python_version == \"3.10\""
files = [
    {file = "tomli-2.4.1-cp311-cp311-macosx_10_9_x86_64.whl", hash = "sha256:f8f0fc26ec2cc2b965b7a3b87cd19c5c6b8c5e5f436b984e85f486d652285c30"},
    {file = "tomli-2.4.1-cp311-cp311-macosx_11_0_arm64.whl", hash = "sha256:4ab97e64ccda8756376892c53a72bd1f964e519c77236368527f758fbc36a53a"},
    {file = "tomli-2.4.1-cp311-cp311-manylinux2014_aarch64.manylinux_2_17_aarch64.manylinux_2_28_aarch64.whl", hash = "sha256:96481a5786729fd470164b47cdb3e0e58062a496f455ee41b4403be77cb5a076"},
    {file = "tomli-2.4.1-cp311-cp311-manylinux2014_x86_64.manylinux_2_17_x86_64.manylinux_2_28_x86_64.whl", hash = "sha256:5a881ab208c0baf688221f8cecc5401bd291d67e38a1ac884d6736cbcd8247e9"},
    {file = "tomli-2.4.1-cp311-cp311-musllinux_1_2_aarch64.whl", hash = "sha256:47149d5bd38761ac8be13a84864bf0b7b70bc051806bc3669ab1cbc56216b23c"},
    {file = "tomli-2.4.1-cp311-cp311-musllinux_1_2_x86_64.whl", hash = "sha256:ec9bfaf3ad2df51ace80688143a6a4ebc09a248f6ff781a9945e51937008fcbc"},
    {file = "tomli-2.4.1-cp311-cp311-win32.whl", hash = "sha256:ff2983983d34813c1aeb0fa89091e76c3a22889ee83ab27c5eeb45100560c049"},
    {file = "tomli-2.4.1-cp311-cp311-win_amd64.whl", hash = "sha256:5ee18d9ebdb417e384b58fe414e8d6af9f4e7a0ae761519fb50f721de398dd4e"},
    {file = "tomli-2.4.1-cp311-cp311-win_arm64.whl", hash = "sha256:c2541745709bad0264b7d4705ad453b76ccd191e64aa6f0fc66b69a293a45ece"},
    {file = "tomli-2.4.1-cp312-cp312-macosx_10_13_x86_64.whl", hash = "sha256:c742f741d58a28940ce01d58f0ab2ea3ced8b12402f162f4d534dfe18ba1cd6a"},
    {file = "tomli-2.4.1-cp312-cp312-macosx_11_0_arm64.whl", hash = "sha256:7f86fd587c4ed9dd76f318225e7d9b29cfc5a9d43de44e5754db8d1128487085"},
    {file = "tomli-2.4.1-cp312-cp312-manylinux2014_aarch64.manylinux_2_17_aarch64.manylinux_2_28_aarch64.whl", hash = "sha256:ff18e6a727ee0ab0388507b89d1bc6a22b138d1e2fa56d1ad494586d61d2eae9"},
    {file = "tomli-2.4.1-cp312-cp312-manylinux2014_x86_64.manylinux_2_17_x86_64.manylinux_2_28_x86_64.whl", hash = "sha256:136443dbd7e1dee43c68ac2694fde36b2849865fa258d39bf822c10e8068eac5"},
    {file = "tomli-2.4.1-cp312-cp312-musllinux_1_2_aarch64.whl", hash = "sha256:5e262d41726bc187e69af7825504c933b6794dc3fbd5945e41a79bb14c31f585"},
    {file = "tomli-2.4.1-cp312-cp312-musllinux_1_2_x86_64.whl", hash = "sha256:5cb41aa38891e073ee49d55fbc7839cfdb2bc0e600add13874d048c94aadddd1"},
    {file = "tomli-2.4.1-cp312-cp312-win32.whl", hash = "sha256:da25dc3563bff5965356133435b757a795a17b17d01dbc0f42fb32447ddfd917"},
    {file = "tomli-2.4.1-cp312-cp312-win_amd64.whl", hash = "sha256:52c8ef851d9a240f11a88c003eacb03c31fc1c9c4ec64a99a0f922b93874fda9"},
    {file = "tomli-2.4.1-cp312-cp312-win_arm64.whl", hash = "sha256:f758f1b9299d059cc3f6546ae2af89670cb1c4d48ea29c3cacc4fe7de3058257"},
    {file = "tomli-2.4.1-cp313-cp313-macosx_10_13_x86_64.whl", hash = "sha256:36d2bd2ad5fb9eaddba5226aa02c8ec3fa4f192631e347b3ed28186d43be6b54"},
    {file = "tomli-2.4.1-cp313-cp313-macosx_11_0_arm64.whl", hash = "sha256:eb0dc4e38e6a1fd579e5d50369aa2e10acfc9cace504579b2faabb478e76941a"},
    {file = "tomli-2.4.1-cp313-cp313-manylinux2014_aarch64.manylinux_2_17_aarch64.manylinux_2_28_aarch64.whl", hash = "sha256:c7f2c7f2b9ca6bdeef8f0fa897f8e05085923eb091721675170254cbc5b02897"},
    {file = "tomli-2.4.1-cp313-cp313-manylinux2014_x86_64.manylinux_2_17_x86_64.manylinux_2_28_x86_64.whl", hash = "sha256:f3c6818a1a86dd6dca7ddcaaf76947d5ba31aecc28cb1b67009a5877c9a64f3f"},
    {file = "tomli-2.4.1-cp313-cp313-musllinux_1_2_aarch64.whl", hash = "sha256:d312ef37c91508b0ab2cee7da26ec0b3ed2f03ce12bd87a588d771ae15dcf82d"},
    {file = "tomli-2.4.1-cp313-cp313-musllinux_1_2_x86_64.whl", hash = "sha256:51529d40e3ca50046d7606fa99ce3956a617f9b36380da3b7f0dd3dd28e68cb5"},
    {file = "tomli-2.4.1-cp313-cp313-win32.whl", hash = "sha256:2190f2e9dd7508d2a90ded5ed369255980a1bcdd58e52f7fe24b8162bf9fedbd"},
    {file = "tomli-2.4.1-cp313-cp313-win_amd64.whl", hash = "sha256:8d65a2fbf9d2f8352685bc1364177ee3923d6baf5e7f43ea4959d7d8bc326a36"},
    {file = "tomli-2.4.1-cp313-cp313-win_arm64.whl", hash = "sha256:4b605484e43cdc43f0954ddae319fb75f04cc10dd80d830540060ee7cd0243cd"},
    {file = "tomli-2.4.1-cp314-cp314-macosx_10_15_x86_64.whl", hash = "sha256:fd0409a3653af6c147209d267a0e4243f0ae46b011aa978b1080359fddc9b6cf"},
    {file = "tomli-2.4.1-cp314-cp314-macosx_11_0_arm64.whl", hash = "sha256:a120733b01c45e9a0c34aeef92bf0cf1d56cfe81ed9d47d562f9ed591a9828ac"},
    {file = "tomli-2.4.1-cp314-cp314-manylinux2014_aarch64.manylinux_2_17_aarch64.manylinux_2_28_aarch64.whl", hash = "sha256:559db847dc486944896521f68d8190be1c9e719fced785720d2216fe7022b662"},
    {file = "tomli-2.4.1-cp314-cp314-manylinux2014_x86_64.manylinux_2_17_x86_64.manylinux_2_28_x86_64.whl", hash = "sha256:01f520d4f53ef97964a240a035ec2a869fe1a37dde002b57ebc4417a27ccd853"},
    {file = "tomli-2.4.1-cp314-cp314-musllinux_1_2_aarch64.whl", hash = "sha256:7f94b27a62cfad8496c8d2513e1a222dd446f095fca8987fceef261225538a15"},
    {file = "tomli-2.4.1-cp314-cp314-musllinux_1_2_x86_64.whl", hash = "sha256:ede3e6487c5ef5d28634ba3f31f989030ad6af71edfb0055cbbd14189ff240ba"},
    {file = "tomli-2.4.1-cp314-cp314-win32.whl", hash = "sha256:3d48a93ee1c9b79c04bb38772ee1b64dcf18ff43085896ea460ca8dec96f35f6"},
    {file = "tomli-2.4.1-cp314-cp314-win_amd64.whl", hash = "sha256:88dceee75c2c63af144e456745e10101eb67361050196b0b6af5d717254dddf7"},
    {file = "tomli-2.4.1-cp314-cp314-win_arm64.whl", hash = "sha256:b8c198f8c1805dc42708689ed6864951fd2494f924149d3e4bce7710f8eb5232"},
    {file = "tomli-2.4.1-cp314-cp314t-macosx_10_15_x86_64.whl", hash = "sha256:d4d8fe59808a54658fcc0160ecfb1b30f9089906c50b23bcb4c69eddc19ec2b4"},
    {file = "tomli-2.4.1-cp314-cp314t-macosx_11_0_arm64.whl", hash = "sha256:7008df2e7655c495dd12d2a4ad038ff878d4ca4b81fccaf82b714e07eae4402c"},
    {file = "tomli-2.4.1-cp314-cp314t-manylinux2014_aarch64.manylinux_2_17_aarch64.manylinux_2_28_aarch64.whl", hash = "sha256:1d8591993e228b0c930c4bb0db464bdad97b3289fb981255d6c9a41aedc84b2d"},
    {file = "tomli-2.4.1-cp314-cp314t-manylinux2014_x86_64.manylinux_2_17_x86_64.manylinux_2_28_x86_64.whl", hash = "sha256:734e20b57ba95624ecf1841e72b53f6e186355e216e5412de414e3c51e5e3c41"},
    {file = "tomli-2.4.1-cp314-cp314t-musllinux_1_2_aarch64.whl", hash = "sha256:8a650c2dbafa08d42e51ba0b62740dae4ecb9338eefa093aa5c78ceb546fcd5c"},
    {file = "tomli-2.4.1-cp314-cp314t-musllinux_1_2_x86_64.whl", hash = "sha256:504aa796fe0569bb43171066009ead363de03675276d2d121ac1a4572397870f"},
    {file = "tomli-2.4.1-cp314-cp314t-win32.whl", hash = "sha256:b1d22e6e9387bf4739fbe23bfa80e93f6b0373a7f1b96c6227c32bef95a4d7a8"},
    {file = "tomli-2.4.1-cp314-cp314t-win_amd64.whl", hash = "sha256:2c1c351919aca02858f740c6d33adea0c5deea37f9ecca1cc1ef9e884a619d26"},
    {file = "tomli-2.4.1-cp314-cp314t-win_arm64.whl", hash = "sha256:eab21f45c7f66c13f2a9e0e1535309cee140182a9cdae1e041d02e47291e8396"},
    {file = "tomli-2.4.1-py3-none-any.whl", hash = "sha256:0d85819802132122da43cb86656f8d1f8c6587d54ae7dcaf30e90533028b49fe"},
    {file = "tomli-2.4.1.tar.gz", hash = "sha256:7c7e1a961a0b2f2472c1ac5b69affa0ae1132c39adcb67aba98568702b9cc23f"},
]

[[package]]
name = "trio"
version = "0.34.0"
description = "A friendly Python library for async concurrency and I/O"
optional = false
python-versions = ">=3.10"
groups = ["main"]
files = [
    {file = "trio-0.34.0-py3-none-any.whl", hash = "sha256:6c7c9f49917694dcdcd5f67abd168df5599eca480d61f29854d17a61a75c2f05"},
    {file = "trio-0.34.0.tar.gz", hash = "sha256:63b9485408bdfdde544fced107045a8c0086cdc4bd0ef2f797b9e0dd111b964b"},
]

[package.dependencies]
attrs = ">=23.2.0"
cffi = {version = ">=1.14", markers = "os_name == \"nt\" and implementation_name != \"pypy\""}
exceptiongroup = {version = "*", markers = "python_version < \"3.11\""}
idna = "*"
outcome = "*"
sniffio = ">=1.3.0"
sortedcontainers = "*"

[[package]]
name = "trio-websocket"
version = "0.12.2"
description = "WebSocket library for Trio"
optional = false
python-versions = ">=3.8"
groups = ["main"]
files = [
    {file = "trio_websocket-0.12.2-py3-none-any.whl", hash = "sha256:df605665f1db533f4a386c94525870851096a223adcb97f72a07e8b4beba45b6"},
    {file = "trio_websocket-0.12.2.tar.gz", hash = "sha256:22c72c436f3d1e264d0910a3951934798dcc5b00ae56fc4ee079d46c7cf20fae"},
]

[package.dependencies]
exceptiongroup = {version = "*", markers = "python_version < \"3.11\""}
outcome = ">=1.2.0"
trio = ">=0.11"
wsproto = ">=0.14"

[[package]]
name = "typing-extensions"
version = "4.16.0"
description = "Backported and Experimental Type Hints for Python 3.9+"
optional = false
python-versions = ">=3.9"
groups = ["main", "dev"]
files = [
    {file = "typing_extensions-4.16.0-py3-none-any.whl", hash = "sha256:481caa481374e813c1b176ada14e97f1f67a4539ce9cfeb3f350d78d6370c2e8"},
    {file = "typing_extensions-4.16.0.tar.gz", hash = "sha256:dc983d19a509c94dba722ee6abd33940f7c05a89e243c47e907eb4db6f1a43e5"},
]
markers = {dev = "python_version < \"3.13\""}

[[package]]
name = "urllib3"
version = "2.7.0"
description = "HTTP library with thread-safe connection pooling, file post, and more."
optional = false
python-versions = ">=3.10"
groups = ["main"]
files = [
    {file = "urllib3-2.7.0-py3-none-any.whl", hash = "sha256:9fb4c81ebbb1ce9531cce37674bbc6f1360472bc18ca9a553ede278ef7276897"},
    {file = "urllib3-2.7.0.tar.gz", hash = "sha256:231e0ec3b63ceb14667c67be60f2f2c40a518cb38b03af60abc813da26505f4c"},
]

[package.dependencies]
pysocks = {version = ">=1.5.6,<1.5.7 || >1.5.7,<2.0", optional = true, markers = "extra == \"socks\""}

[package.extras]
brotli = ["brotli (>=1.2.0) ; platform_python_implementation == \"CPython\"", "brotlicffi (>=1.2.0.0) ; platform_python_implementation != \"CPython\""]
h2 = ["h2 (>=4,<5)"]
socks = ["pysocks (>=1.5.6,!=1.5.7,<2.0)"]
zstd = ["backports-zstd (>=1.0.0) ; python_version < \"3.14\""]

[[package]]
name = "web-scraper-easy"
version = "0.0.3"
description = "Web scraper, but made easy"
optional = false
python-versions = "<3.14,>=3.8"
groups = ["main"]
files = [
    {file = "web_scraper_easy-0.0.3-py3-none-any.whl", hash = "sha256:85ac4bdbbd45bd1cffa5e52ec58ea8375e3316ad19af64370e4aceeb1a6bb8db"},
    {file = "web_scraper_easy-0.0.3.tar.gz", hash = "sha256:1099d62e2b968272d450632d4aa0983b71b819a65895d04396e7a8bde80a563a"},
]

[package.dependencies]
env_easy = ">=0.0.4,<1.0.0"
pystandards = ">=0.0.17,<1.0.0"
selenium = ">=4.27.1,<9999.0.0"

[[package]]
name = "websocket-client"
version = "1.9.0"
description = "WebSocket client for Python with low level API options"
optional = false
python-versions = ">=3.9"
groups = ["main"]
files = [
    {file = "websocket_client-1.9.0-py3-none-any.whl", hash = "sha256:af248a825037ef591efbf6ed20cc5faa03d3b47b9e5a2230a529eeee1c1fc3ef"},
    {file = "websocket_client-1.9.0.tar.gz", hash = "sha256:9e813624b6eb619999a97dc7958469217c3176312b3a16a4bd1bc7e08a46ec98"},
]

[package.extras]
docs = ["Sphinx (>=6.0)", "myst-parser (>=2.0.0)", "sphinx_rtd_theme (>=1.1.0)"]
optional = ["python-socks", "wsaccel"]
test = ["pytest", "websockets"]

[[package]]
name = "wsproto"
version = "1.3.2"
description = "Pure-Python WebSocket protocol implementation"
optional = false
python-versions = ">=3.10"
groups = ["main"]
files = [
    {file = "wsproto-1.3.2-py3-none-any.whl", hash = "sha256:61eea322cdf56e8cc904bd3ad7573359a242ba65688716b0710a5eb12beab584"},
    {file = "wsproto-1.3.2.tar.gz", hash = "sha256:b86885dcf294e15204919950f666e06ffc6c7c114ca900b060d6e16293528294"},
]

[package.dependencies]
h11 = ">=0.16.0,<1"

[metadata]
lock-version = "2.1"
python-versions = ">=3.10,<3.14"
content-hash = "8bcec10306cd555f6d23a42737db51b64dbc29b99c3c03f84f40b7d2a44e8c1e"
